
Microsoft Visual Studio Solution File, Format Version 12.00
# Visual Studio 2015
Project("{FAE04EC0-301F-11D3-BF4B-00C04F79EFBC}") = "Giant Squid Programming Test", "Giant Squid Programming Test.csproj", "{03FF766C-E681-B8FE-8474-091DDE9249F7}"
EndProject
Project("{FAE04EC0-301F-11D3-BF4B-00C04F79EFBC}") = "Giant Squid Programming Test.Editor", "Giant Squid Programming Test.Editor.csproj", "{87157131-724D-F0B3-501E-C881A439717A}"
EndProject
Global
	GlobalSection(SolutionConfigurationPlatforms) = preSolution
		Debug|Any CPU = Debug|Any CPU
		Release|Any CPU = Release|Any CPU
	EndGlobalSection
	GlobalSection(ProjectConfigurationPlatforms) = postSolution
		{03FF766C-E681-B8FE-8474-091DDE9249F7}.Debug|Any CPU.ActiveCfg = Debug|Any CPU
		{03FF766C-E681-B8FE-8474-091DDE9249F7}.Debug|Any CPU.Build.0 = Debug|Any CPU
		{03FF766C-E681-B8FE-8474-091DDE9249F7}.Release|Any CPU.ActiveCfg = Release|Any CPU
		{03FF766C-E681-B8FE-8474-091DDE9249F7}.Release|Any CPU.Build.0 = Release|Any CPU
		{87157131-724D-F0B3-501E-C881A439717A}.Debug|Any CPU.ActiveCfg = Debug|Any CPU
		{87157131-724D-F0B3-501E-C881A439717A}.Debug|Any CPU.Build.0 = Debug|Any CPU
		{87157131-724D-F0B3-501E-C881A439717A}.Release|Any CPU.ActiveCfg = Release|Any CPU
		{87157131-724D-F0B3-501E-C881A439717A}.Release|Any CPU.Build.0 = Release|Any CPU
	EndGlobalSection
	GlobalSection(SolutionProperties) = preSolution
		HideSolutionNode = FALSE
	EndGlobalSection
EndGlobal
